// !$*UTF8*$!
{
	archiveVersion = 1;
	classes = {
	};
	objectVersion = 50;
	objects = {

/* Begin PBXBuildFile section */
		2891E2D320D2731C00733C5E /* Model.xcdatamodeld in Sources */ = {isa = PBXBuildFile; fileRef = 2891E2D120D2731C00733C5E /* Model.xcdatamodeld */; };
		2891E2D520D2750400733C5E /* DataController.swift in Sources */ = {isa = PBXBuildFile; fileRef = 2891E2D420D2750400733C5E /* DataController.swift */; };
		28C42E9E20D12DB5008FCB51 /* AppDelegate.swift in Sources */ = {isa = PBXBuildFile; fileRef = 28C42E9D20D12DB5008FCB51 /* AppDelegate.swift */; };
		28C42EA020D12DB5008FCB51 /* ViewController.swift in Sources */ = {isa = PBXBuildFile; fileRef = 28C42E9F20D12DB5008FCB51 /* ViewController.swift */; };
		28C42EA320D12DB5008FCB51 /* Main.storyboard in Resources */ = {isa = PBXBuildFile; fileRef = 28C42EA120D12DB5008FCB51 /* Main.storyboard */; };
		28C42EA620D12DB5008FCB51 /* Virtual_Tourist.xcdatamodeld in Sources */ = {isa = PBXBuildFile; fileRef = 28C42EA420D12DB5008FCB51 /* Virtual_Tourist.xcdatamodeld */; };
		28C42EA820D12DB6008FCB51 /* Assets.xcassets in Resources */ = {isa = PBXBuildFile; fileRef = 28C42EA720D12DB6008FCB51 /* Assets.xcassets */; };
		28C42EAB20D12DB6008FCB51 /* LaunchScreen.storyboard in Resources */ = {isa = PBXBuildFile; fileRef = 28C42EA920D12DB6008FCB51 /* LaunchScreen.storyboard */; };
		28C42EB620D1314A008FCB51 /* TravelMapViewController.swift in Sources */ = {isa = PBXBuildFile; fileRef = 28C42EB520D1314A008FCB51 /* TravelMapViewController.swift */; };
		28C42EB820D13160008FCB51 /* PhotoAlbumViewController.swift in Sources */ = {isa = PBXBuildFile; fileRef = 28C42EB720D13160008FCB51 /* PhotoAlbumViewController.swift */; };
/* End PBXBuildFile section */

/* Begin PBXFileReference section */
		2891E2D220D2731C00733C5E /* Model.xcdatamodel */ = {isa = PBXFileReference; lastKnownFileType = wrapper.xcdatamodel; path = Model.xcdatamodel; sourceTree = "<group>"; };
		2891E2D420D2750400733C5E /* DataController.swift */ = {isa = PBXFileReference; lastKnownFileType = sourcecode.swift; path = DataController.swift; sourceTree = "<group>"; };
		28C42E9A20D12DB5008FCB51 /* Virtual Tourist.app */ = {isa = PBXFileReference; explicitFileType = wrapper.application; includeInIndex = 0; path = "Virtual Tourist.app"; sourceTree = BUILT_PRODUCTS_DIR; };
		28C42E9D20D12DB5008FCB51 /* AppDelegate.swift */ = {isa = PBXFileReference; lastKnownFileType = sourcecode.swift; path = AppDelegate.swift; sourceTree = "<group>"; };
		28C42E9F20D12DB5008FCB51 /* ViewController.swift */ = {isa = PBXFileReference; lastKnownFileType = sourcecode.swift; path = ViewController.swift; sourceTree = "<group>"; };
		28C42EA220D12DB5008FCB51 /* Base */ = {isa = PBXFileReference; lastKnownFileType = file.storyboard; name = Base; path = Base.lproj/Main.storyboard; sourceTree = "<group>"; };
		28C42EA520D12DB5008FCB51 /* Virtual_Tourist.xcdatamodel */ = {isa = PBXFileReference; lastKnownFileType = wrapper.xcdatamodel; path = Virtual_Tourist.xcdatamodel; sourceTree = "<group>"; };
		28C42EA720D12DB6008FCB51 /* Assets.xcassets */ = {isa = PBXFileReference; lastKnownFileType = folder.assetcatalog; path = Assets.xcassets; sourceTree = "<group>"; };
		28C42EAA20D12DB6008FCB51 /* Base */ = {isa = PBXFileReference; lastKnownFileType = file.storyboard; name = Base; path = Base.lproj/LaunchScreen.storyboard; sourceTree = "<group>"; };
		28C42EAC20D12DB6008FCB51 /* Info.plist */ = {isa = PBXFileReference; lastKnownFileType = text.plist.xml; path = Info.plist; sourceTree = "<group>"; };
		28C42EB520D1314A008FCB51 /* TravelMapViewController.swift */ = {isa = PBXFileReference; lastKnownFileType = sourcecode.swift; path = TravelMapViewController.swift; sourceTree = "<group>"; };
		28C42EB720D13160008FCB51 /* PhotoAlbumViewController.swift */ = {isa = PBXFileReference; lastKnownFileType = sourcecode.swift; path = PhotoAlbumViewController.swift; sourceTree = "<group>"; };
/* End PBXFileReference section */

/* Begin PBXFrameworksBuildPhase section */
		28C42E9720D12DB5008FCB51 /* Frameworks */ = {
			isa = PBXFrameworksBuildPhase;
			buildActionMask = 2147483647;
			files = (
			);
			runOnlyForDeploymentPostprocessing = 0;
		};
/* End PBXFrameworksBuildPhase section */

/* Begin PBXGroup section */
		28C42E9120D12DB5008FCB51 = {
			isa = PBXGroup;
			children = (
				28C42E9C20D12DB5008FCB51 /* Virtual Tourist */,
				28C42E9B20D12DB5008FCB51 /* Products */,
			);
			sourceTree = "<group>";
		};
		28C42E9B20D12DB5008FCB51 /* Products */ = {
			isa = PBXGroup;
			children = (
				28C42E9A20D12DB5008FCB51 /* Virtual Tourist.app */,
			);
			name = Products;
			sourceTree = "<group>";
		};
		28C42E9C20D12DB5008FCB51 /* Virtual Tourist */ = {
			isa = PBXGroup;
			children = (
				28C42EB420D13115008FCB51 /* Controller */,
				28C42EB320D1310F008FCB51 /* View */,
				28C42EB220D13100008FCB51 /* Model */,
				28C42E9D20D12DB5008FCB51 /* AppDelegate.swift */,
				28C42E9F20D12DB5008FCB51 /* ViewController.swift */,
				28C42EA120D12DB5008FCB51 /* Main.storyboard */,
				28C42EA720D12DB6008FCB51 /* Assets.xcassets */,
				28C42EA920D12DB6008FCB51 /* LaunchScreen.storyboard */,
				28C42EAC20D12DB6008FCB51 /* Info.plist */,
				28C42EA420D12DB5008FCB51 /* Virtual_Tourist.xcdatamodeld */,
			);
			path = "Virtual Tourist";
			sourceTree = "<group>";
		};
		28C42EB220D13100008FCB51 /* Model */ = {
			isa = PBXGroup;
			children = (
				2891E2D120D2731C00733C5E /* Model.xcdatamodeld */,
				2891E2D420D2750400733C5E /* DataController.swift */,
			);
			path = Model;
			sourceTree = "<group>";
		};
		28C42EB320D1310F008FCB51 /* View */ = {
			isa = PBXGroup;
			children = (
			);
			path = View;
			sourceTree = "<group>";
		};
		28C42EB420D13115008FCB51 /* Controller */ = {
			isa = PBXGroup;
			children = (
				28C42EB520D1314A008FCB51 /* TravelMapViewController.swift */,
				28C42EB720D13160008FCB51 /* PhotoAlbumViewController.swift */,
			);
			path = Controller;
			sourceTree = "<group>";
		};
/* End PBXGroup section */

/* Begin PBXNativeTarget section */
		28C42E9920D12DB5008FCB51 /* Virtual Tourist */ = {
			isa = PBXNativeTarget;
			buildConfigurationList = 28C42EAF20D12DB6008FCB51 /* Build configuration list for PBXNativeTarget "Virtual Tourist" */;
			buildPhases = (
				28C42E9620D12DB5008FCB51 /* Sources */,
				28C42E9720D12DB5008FCB51 /* Frameworks */,
				28C42E9820D12DB5008FCB51 /* Resources */,
			);
			buildRules = (
			);
			dependencies = (
			);
			name = "Virtual Tourist";
			productName = "Virtual Tourist";
			productReference = 28C42E9A20D12DB5008FCB51 /* Virtual Tourist.app */;
			productType = "com.apple.product-type.application";
		};
/* End PBXNativeTarget section */

/* Begin PBXProject section */
		28C42E9220D12DB5008FCB51 /* Project object */ = {
			isa = PBXProject;
			attributes = {
				LastSwiftUpdateCheck = 0940;
				LastUpgradeCheck = 0940;
				ORGANIZATIONNAME = "S&J";
				TargetAttributes = {
					28C42E9920D12DB5008FCB51 = {
						CreatedOnToolsVersion = 9.4;
					};
				};
			};
			buildConfigurationList = 28C42E9520D12DB5008FCB51 /* Build configuration list for PBXProject "Virtual Tourist" */;
			compatibilityVersion = "Xcode 9.3";
			developmentRegion = en;
			hasScannedForEncodings = 0;
			knownRegions = (
				en,
				Base,
			);
			mainGroup = 28C42E9120D12DB5008FCB51;
			productRefGroup = 28C42E9B20D12DB5008FCB51 /* Products */;
			projectDirPath = "";
			projectRoot = "";
			targets = (
				28C42E9920D12DB5008FCB51 /* Virtual Tourist */,
			);
		};
/* End PBXProject section */

/* Begin PBXResourcesBuildPhase section */
		28C42E9820D12DB5008FCB51 /* Resources */ = {
			isa = PBXResourcesBuildPhase;
			buildActionMask = 2147483647;
			files = (
				28C42EAB20D12DB6008FCB51 /* LaunchScreen.storyboard in Resources */,
				28C42EA820D12DB6008FCB51 /* Assets.xcassets in Resources */,
				28C42EA320D12DB5008FCB51 /* Main.storyboard in Resources */,
			);
			runOnlyForDeploymentPostprocessing = 0;
		};
/* End PBXResourcesBuildPhase section */

/* Begin PBXSourcesBuildPhase section */
		28C42E9620D12DB5008FCB51 /* Sources */ = {
			isa = PBXSourcesBuildPhase;
			buildActionMask = 2147483647;
			files = (
				2891E2D520D2750400733C5E /* DataController.swift in Sources */,
				28C42EA020D12DB5008FCB51 /* ViewController.swift in Sources */,
				28C42EA620D12DB5008FCB51 /* Virtual_Tourist.xcdatamodeld in Sources */,
				28C42E9E20D12DB5008FCB51 /* AppDelegate.swift in Sources */,
				28C42EB820D13160008FCB51 /* PhotoAlbumViewController.swift in Sources */,
				28C42EB620D1314A008FCB51 /* TravelMapViewController.swift in Sources */,
				2891E2D320D2731C00733C5E /* Model.xcdatamodeld in Sources */,
			);
			runOnlyForDeploymentPostprocessing = 0;
		};
/* End PBXSourcesBuildPhase section */

/* Begin PBXVariantGroup section */
		28C42EA120D12DB5008FCB51 /* Main.storyboard */ = {
			isa = PBXVariantGroup;
			children = (
				28C42EA220D12DB5008FCB51 /* Base */,
			);
			name = Main.storyboard;
			sourceTree = "<group>";
		};
		28C42EA920D12DB6008FCB51 /* LaunchScreen.storyboard */ = {
			isa = PBXVariantGroup;
			children = (
				28C42EAA20D12DB6008FCB51 /* Base */,
			);
			name = LaunchScreen.storyboard;
			sourceTree = "<group>";
		};
/* End PBXVariantGroup section */

/* Begin XCBuildConfiguration section */
		28C42EAD20D12DB6008FCB51 /* Debug */ = {
			isa = XCBuildConfiguration;
			buildSettings = {
				ALWAYS_SEARCH_USER_PATHS = NO;
				CLANG_ANALYZER_NONNULL = YES;
				CLANG_ANALYZER_NUMBER_OBJECT_CONVERSION = YES_AGGRESSIVE;
				CLANG_CXX_LANGUAGE_STANDARD = "gnu++14";
				CLANG_CXX_LIBRARY = "libc++";
				CLANG_ENABLE_MODULES = YES;
				CLANG_ENABLE_OBJC_ARC = YES;
				CLANG_ENABLE_OBJC_WEAK = YES;
				CLANG_WARN_BLOCK_CAPTURE_AUTORELEASING = YES;
				CLANG_WARN_BOOL_CONVERSION = YES;
				CLANG_WARN_COMMA = YES;
				CLANG_WARN_CONSTANT_CONVERSION = YES;
				CLANG_WARN_DEPRECATED_OBJC_IMPLEMENTATIONS = YES;
				CLANG_WARN_DIRECT_OBJC_ISA_USAGE = YES_ERROR;
				CLANG_WARN_DOCUMENTATION_COMMENTS = YES;
				CLANG_WARN_EMPTY_BODY = YES;
				CLANG_WARN_ENUM_CONVERSION = YES;
				CLANG_WARN_INFINITE_RECURSION = YES;
				CLANG_WARN_INT_CONVERSION = YES;
				CLANG_WARN_NON_LITERAL_NULL_CONVERSION = YES;
				CLANG_WARN_OBJC_IMPLICIT_RETAIN_SELF = YES;
				CLANG_WARN_OBJC_LITERAL_CONVERSION = YES;
				CLANG_WARN_OBJC_ROOT_CLASS = YES_ERROR;
				CLANG_WARN_RANGE_LOOP_ANALYSIS = YES;
				CLANG_WARN_STRICT_PROTOTYPES = YES;
				CLANG_WARN_SUSPICIOUS_MOVE = YES;
				CLANG_WARN_UNGUARDED_AVAILABILITY = YES_AGGRESSIVE;
				CLANG_WARN_UNREACHABLE_CODE = YES;
				CLANG_WARN__DUPLICATE_METHOD_MATCH = YES;
				CODE_SIGN_IDENTITY = "iPhone Developer";
				COPY_PHASE_STRIP = NO;
				DEBUG_INFORMATION_FORMAT = dwarf;
				ENABLE_STRICT_OBJC_MSGSEND = YES;
				ENABLE_TESTABILITY = YES;
				GCC_C_LANGUAGE_STANDARD = gnu11;
				GCC_DYNAMIC_NO_PIC = NO;
				GCC_NO_COMMON_BLOCKS = YES;
				GCC_OPTIMIZATION_LEVEL = 0;
				GCC_PREPROCESSOR_DEFINITIONS = (
					"DEBUG=1",
					"$(inherited)",
				);
				GCC_WARN_64_TO_32_BIT_CONVERSION = YES;
				GCC_WARN_ABOUT_RETURN_TYPE = YES_ERROR;
				GCC_WARN_UNDECLARED_SELECTOR = YES;
				GCC_WARN_UNINITIALIZED_AUTOS = YES_AGGRESSIVE;
				GCC_WARN_UNUSED_FUNCTION = YES;
				GCC_WARN_UNUSED_VARIABLE = YES;
				IPHONEOS_DEPLOYMENT_TARGET = 11.4;
				MTL_ENABLE_DEBUG_INFO = YES;
				ONLY_ACTIVE_ARCH = YES;
				SDKROOT = iphoneos;
				SWIFT_ACTIVE_COMPILATION_CONDITIONS = DEBUG;
				SWIFT_OPTIMIZATION_LEVEL = "-Onone";
			};
			name = Debug;
		};
		28C42EAE20D12DB6008FCB51 /* Release */ = {
			isa = XCBuildConfiguration;
			buildSettings = {
				ALWAYS_SEARCH_USER_PATHS = NO;
				CLANG_ANALYZER_NONNULL = YES;
				CLANG_ANALYZER_NUMBER_OBJECT_CONVERSION = YES_AGGRESSIVE;
				CLANG_CXX_LANGUAGE_STANDARD = "gnu++14";
				CLANG_CXX_LIBRARY = "libc++";
				CLANG_ENABLE_MODULES = YES;
				CLANG_ENABLE_OBJC_ARC = YES;
				CLANG_ENABLE_OBJC_WEAK = YES;
				CLANG_WARN_BLOCK_CAPTURE_AUTORELEASING = YES;
				CLANG_WARN_BOOL_CONVERSION = YES;
				CLANG_WARN_COMMA = YES;
				CLANG_WARN_CONSTANT_CONVERSION = YES;
				CLANG_WARN_DEPRECATED_OBJC_IMPLEMENTATIONS = YES;
				CLANG_WARN_DIRECT_OBJC_ISA_USAGE = YES_ERROR;
				CLANG_WARN_DOCUMENTATION_COMMENTS = YES;
				CLANG_WARN_EMPTY_BODY = YES;
				CLANG_WARN_ENUM_CONVERSION = YES;
				CLANG_WARN_INFINITE_RECURSION = YES;
				CLANG_WARN_INT_CONVERSION = YES;
				CLANG_WARN_NON_LITERAL_NULL_CONVERSION = YES;
				CLANG_WARN_OBJC_IMPLICIT_RETAIN_SELF = YES;
				CLANG_WARN_OBJC_LITERAL_CONVERSION = YES;
				CLANG_WARN_OBJC_ROOT_CLASS = YES_ERROR;
				CLANG_WARN_RANGE_LOOP_ANALYSIS = YES;
				CLANG_WARN_STRICT_PROTOTYPES = YES;
				CLANG_WARN_SUSPICIOUS_MOVE = YES;
				CLANG_WARN_UNGUARDED_AVAILABILITY = YES_AGGRESSIVE;
				CLANG_WARN_UNREACHABLE_CODE = YES;
				CLANG_WARN__DUPLICATE_METHOD_MATCH = YES;
				CODE_SIGN_IDENTITY = "iPhone Developer";
				COPY_PHASE_STRIP = NO;
				DEBUG_INFORMATION_FORMAT = "dwarf-with-dsym";
				ENABLE_NS_ASSERTIONS = NO;
				ENABLE_STRICT_OBJC_MSGSEND = YES;
				GCC_C_LANGUAGE_STANDARD = gnu11;
				GCC_NO_COMMON_BLOCKS = YES;
				GCC_WARN_64_TO_32_BIT_CONVERSION = YES;
				GCC_WARN_ABOUT_RETURN_TYPE = YES_ERROR;
				GCC_WARN_UNDECLARED_SELECTOR = YES;
				GCC_WARN_UNINITIALIZED_AUTOS = YES_AGGRESSIVE;
				GCC_WARN_UNUSED_FUNCTION = YES;
				GCC_WARN_UNUSED_VARIABLE = YES;
				IPHONEOS_DEPLOYMENT_TARGET = 11.4;
				MTL_ENABLE_DEBUG_INFO = NO;
				SDKROOT = iphoneos;
				SWIFT_COMPILATION_MODE = wholemodule;
				SWIFT_OPTIMIZATION_LEVEL = "-O";
				VALIDATE_PRODUCT = YES;
			};
			name = Release;
		};
		28C42EB020D12DB6008FCB51 /* Debug */ = {
			isa = XCBuildConfiguration;
			buildSettings = {
				ASSETCATALOG_COMPILER_APPICON_NAME = AppIcon;
				CODE_SIGN_STYLE = Automatic;
				DEVELOPMENT_TEAM = 24T4383JU2;
				INFOPLIST_FILE = "Virtual Tourist/Info.plist";
				LD_RUNPATH_SEARCH_PATHS = (
					"$(inherited)",
					"@executable_path/Frameworks",
				);
				PRODUCT_BUNDLE_IDENTIFIER = "au.com.lhsj.Virtual-Tourist";
				PRODUCT_NAME = "$(TARGET_NAME)";
				SWIFT_VERSION = 4.0;
				TARGETED_DEVICE_FAMILY = "1,2";
			};
			name = Debug;
		};
		28C42EB120D12DB6008FCB51 /* Release */ = {
			isa = XCBuildConfiguration;
			buildSettings = {
				ASSETCATALOG_COMPILER_APPICON_NAME = AppIcon;
				CODE_SIGN_STYLE = Automatic;
				DEVELOPMENT_TEAM = 24T4383JU2;
				INFOPLIST_FILE = "Virtual Tourist/Info.plist";
				LD_RUNPATH_SEARCH_PATHS = (
					"$(inherited)",
					"@executable_path/Frameworks",
				);
				PRODUCT_BUNDLE_IDENTIFIER = "au.com.lhsj.Virtual-Tourist";
				PRODUCT_NAME = "$(TARGET_NAME)";
				SWIFT_VERSION = 4.0;
				TARGETED_DEVICE_FAMILY = "1,2";
			};
			name = Release;
		};
/* End XCBuildConfiguration section */

/* Begin XCConfigurationList section */
		28C42E9520D12DB5008FCB51 /* Build configuration list for PBXProject "Virtual Tourist" */ = {
			isa = XCConfigurationList;
			buildConfigurations = (
				28C42EAD20D12DB6008FCB51 /* Debug */,
				28C42EAE20D12DB6008FCB51 /* Release */,
			);
			defaultConfigurationIsVisible = 0;
			defaultConfigurationName = Release;
		};
		28C42EAF20D12DB6008FCB51 /* Build configuration list for PBXNativeTarget "Virtual Tourist" */ = {
			isa = XCConfigurationList;
			buildConfigurations = (
				28C42EB020D12DB6008FCB51 /* Debug */,
				28C42EB120D12DB6008FCB51 /* Release */,
			);
			defaultConfigurationIsVisible = 0;
			defaultConfigurationName = Release;
		};
/* End XCConfigurationList section */

/* Begin XCVersionGroup section */
		2891E2D120D2731C00733C5E /* Model.xcdatamodeld */ = {
			isa = XCVersionGroup;
			children = (
				2891E2D220D2731C00733C5E /* Model.xcdatamodel */,
			);
			currentVersion = 2891E2D220D2731C00733C5E /* Model.xcdatamodel */;
			path = Model.xcdatamodeld;
			sourceTree = "<group>";
			versionGroupType = wrapper.xcdatamodel;
		};
		28C42EA420D12DB5008FCB51 /* Virtual_Tourist.xcdatamodeld */ = {
			isa = XCVersionGroup;
			children = (
				28C42EA520D12DB5008FCB51 /* Virtual_Tourist.xcdatamodel */,
			);
			currentVersion = 28C42EA520D12DB5008FCB51 /* Virtual_Tourist.xcdatamodel */;
			path = Virtual_Tourist.xcdatamodeld;
			sourceTree = "<group>";
			versionGroupType = wrapper.xcdatamodel;
		};
/* End XCVersionGroup section */
	};
	rootObject = 28C42E9220D12DB5008FCB51 /* Project object */;
}
